
Microsoft Visual Studio Solution File, Format Version 12.00
# Visual Studio Version 16
VisualStudioVersion = 16.0.30711.63
MinimumVisualStudioVersion = 10.0.40219.1
Project("{FAE04EC0-301F-11D3-BF4B-00C04F79EFBC}") = "FizzBuzz", "FizzBuzz\FizzBuzz.csproj", "{C37E2CFC-AB2E-4084-B483-49617B0B14C3}"
EndProject
Global
	GlobalSection(SolutionConfigurationPlatforms) = preSolution
		Debug|Any CPU = Debug|Any CPU
		Release|Any CPU = Release|Any CPU
	EndGlobalSection
	GlobalSection(ProjectConfigurationPlatforms) = postSolution
		{C37E2CFC-AB2E-4084-B483-49617B0B14C3}.Debug|Any CPU.ActiveCfg = Debug|Any CPU
		{C37E2CFC-AB2E-4084-B483-49617B0B14C3}.Debug|Any CPU.Build.0 = Debug|Any CPU
		{C37E2CFC-AB2E-4084-B483-49617B0B14C3}.Release|Any CPU.ActiveCfg = Release|Any CPU
		{C37E2CFC-AB2E-4084-B483-49617B0B14C3}.Release|Any CPU.Build.0 = Release|Any CPU
	EndGlobalSection
	GlobalSection(SolutionProperties) = preSolution
		HideSolutionNode = FALSE
	EndGlobalSection
	GlobalSection(ExtensibilityGlobals) = postSolution
		SolutionGuid = {50B85B55-B177-4D2E-8F3E-CD9153FF5A65}
	EndGlobalSection
EndGlobal
